%{
  "aja": {:hex, :aja, "0.7.4", "5f14885df9fdd71e17cfc5f51ec42fe4b8328b23dd7ac34aa4acae6b77843819", [:mix], [{:jason, "~> 1.2", [hex: :jason, repo: "hexpm", optional: true]}], "hexpm", "e7d295357288558f808431f8cc3ce313b3b5d02b20a446433da48490440c7286"},
  "file_system": {:hex, :file_system, "1.1.0", "08d232062284546c6c34426997dd7ef6ec9f8bbd090eb91780283c9016840e8f", [:mix], [], "hexpm", "bfcf81244f416871f2a2e15c1b515287faa5db9c6bcf290222206d120b3d43f6"},
  "mix_test_watch": {:hex, :mix_test_watch, "1.2.0", "1f9acd9e1104f62f280e30fc2243ae5e6d8ddc2f7f4dc9bceb454b9a41c82b42", [:mix], [{:file_system, "~> 0.2 or ~> 1.0", [hex: :file_system, repo: "hexpm", optional: false]}], "hexpm", "278dc955c20b3fb9a3168b5c2493c2e5cffad133548d307e0a50c7f2cfbf34f6"},
  "ordered_map": {:hex, :ordered_map, "0.0.8", "062e53fec2ec88dabc787a29e094cd3e2235de14ed86fd496174186183f8d727", [:mix], [], "hexpm", "4972c5da32c81ee3ec5f20966220ec5a8422ec18a57228caa36c4e0becdf9d65"},
}
